// !$*UTF8*$!
{
	archiveVersion = 1;
	classes = {
	};
	objectVersion = 77;
	objects = {

/* Begin PBXContainerItemProxy section */
		77F202BC2D0C02F7006EFA26 /* PBXContainerItemProxy */ = {
			isa = PBXContainerItemProxy;
			containerPortal = 77F2029D2D0C02F4006EFA26 /* Project object */;
			proxyType = 1;
			remoteGlobalIDString = 77F202A42D0C02F4006EFA26;
			remoteInfo = "Birthday Note Taker";
		};
		77F202C62D0C02F7006EFA26 /* PBXContainerItemProxy */ = {
			isa = PBXContainerItemProxy;
			containerPortal = 77F2029D2D0C02F4006EFA26 /* Project object */;
			proxyType = 1;
			remoteGlobalIDString = 77F202A42D0C02F4006EFA26;
			remoteInfo = "Birthday Note Taker";
		};
/* End PBXContainerItemProxy section */

/* Begin PBXFileReference section */
		77F202A52D0C02F4006EFA26 /* Birthday Note Taker.app */ = {isa = PBXFileReference; explicitFileType = wrapper.application; includeInIndex = 0; path = "Birthday Note Taker.app"; sourceTree = BUILT_PRODUCTS_DIR; };
		77F202BB2D0C02F7006EFA26 /* Birthday Note TakerTests.xctest */ = {isa = PBXFileReference; explicitFileType = wrapper.cfbundle; includeInIndex = 0; path = "Birthday Note TakerTests.xctest"; sourceTree = BUILT_PRODUCTS_DIR; };
		77F202C52D0C02F7006EFA26 /* Birthday Note TakerUITests.xctest */ = {isa = PBXFileReference; explicitFileType = wrapper.cfbundle; includeInIndex = 0; path = "Birthday Note TakerUITests.xctest"; sourceTree = BUILT_PRODUCTS_DIR; };
/* End PBXFileReference section */

/* Begin PBXFileSystemSynchronizedBuildFileExceptionSet section */
		77F202CD2D0C02F7006EFA26 /* Exceptions for "Birthday Note Taker" folder in "Birthday Note Taker" target */ = {
			isa = PBXFileSystemSynchronizedBuildFileExceptionSet;
			membershipExceptions = (
				Info.plist,
			);
			target = 77F202A42D0C02F4006EFA26 /* Birthday Note Taker */;
		};
/* End PBXFileSystemSynchronizedBuildFileExceptionSet section */

/* Begin PBXFileSystemSynchronizedRootGroup section */
		77F202A72D0C02F4006EFA26 /* Birthday Note Taker */ = {
			isa = PBXFileSystemSynchronizedRootGroup;
			exceptions = (
				77F202CD2D0C02F7006EFA26 /* Exceptions for "Birthday Note Taker" folder in "Birthday Note Taker" target */,
			);
			path = "Birthday Note Taker";
			sourceTree = "<group>";
		};
		77F202BE2D0C02F7006EFA26 /* Birthday Note TakerTests */ = {
			isa = PBXFileSystemSynchronizedRootGroup;
			path = "Birthday Note TakerTests";
			sourceTree = "<group>";
		};
		77F202C82D0C02F7006EFA26 /* Birthday Note TakerUITests */ = {
			isa = PBXFileSystemSynchronizedRootGroup;
			path = "Birthday Note TakerUITests";
			sourceTree = "<group>";
		};
/* End PBXFileSystemSynchronizedRootGroup section */

/* Begin PBXFrameworksBuildPhase section */
		77F202A22D0C02F4006EFA26 /* Frameworks */ = {
			isa = PBXFrameworksBuildPhase;
			buildActionMask = 2147483647;
			files = (
			);
			runOnlyForDeploymentPostprocessing = 0;
		};
		77F202B82D0C02F7006EFA26 /* Frameworks */ = {
			isa = PBXFrameworksBuildPhase;
			buildActionMask = 2147483647;
			files = (
			);
			runOnlyForDeploymentPostprocessing = 0;
		};
		77F202C22D0C02F7006EFA26 /* Frameworks */ = {
			isa = PBXFrameworksBuildPhase;
			buildActionMask = 2147483647;
			files = (
			);
			runOnlyForDeploymentPostprocessing = 0;
		};
/* End PBXFrameworksBuildPhase section */

/* Begin PBXGroup section */
		77F2029C2D0C02F4006EFA26 = {
			isa = PBXGroup;
			children = (
				77F202A72D0C02F4006EFA26 /* Birthday Note Taker */,
				77F202BE2D0C02F7006EFA26 /* Birthday Note TakerTests */,
				77F202C82D0C02F7006EFA26 /* Birthday Note TakerUITests */,
				77F202A62D0C02F4006EFA26 /* Products */,
			);
			sourceTree = "<group>";
		};
		77F202A62D0C02F4006EFA26 /* Products */ = {
			isa = PBXGroup;
			children = (
				77F202A52D0C02F4006EFA26 /* Birthday Note Taker.app */,
				77F202BB2D0C02F7006EFA26 /* Birthday Note TakerTests.xctest */,
				77F202C52D0C02F7006EFA26 /* Birthday Note TakerUITests.xctest */,
			);
			name = Products;
			sourceTree = "<group>";
		};
/* End PBXGroup section */

/* Begin PBXNativeTarget section */
		77F202A42D0C02F4006EFA26 /* Birthday Note Taker */ = {
			isa = PBXNativeTarget;
			buildConfigurationList = 77F202CE2D0C02F7006EFA26 /* Build configuration list for PBXNativeTarget "Birthday Note Taker" */;
			buildPhases = (
				77F202A12D0C02F4006EFA26 /* Sources */,
				77F202A22D0C02F4006EFA26 /* Frameworks */,
				77F202A32D0C02F4006EFA26 /* Resources */,
			);
			buildRules = (
			);
			dependencies = (
			);
			fileSystemSynchronizedGroups = (
				77F202A72D0C02F4006EFA26 /* Birthday Note Taker */,
			);
			name = "Birthday Note Taker";
			packageProductDependencies = (
			);
			productName = "Birthday Note Taker";
			productReference = 77F202A52D0C02F4006EFA26 /* Birthday Note Taker.app */;
			productType = "com.apple.product-type.application";
		};
		77F202BA2D0C02F7006EFA26 /* Birthday Note TakerTests */ = {
			isa = PBXNativeTarget;
			buildConfigurationList = 77F202D32D0C02F7006EFA26 /* Build configuration list for PBXNativeTarget "Birthday Note TakerTests" */;
			buildPhases = (
				77F202B72D0C02F7006EFA26 /* Sources */,
				77F202B82D0C02F7006EFA26 /* Frameworks */,
				77F202B92D0C02F7006EFA26 /* Resources */,
			);
			buildRules = (
			);
			dependencies = (
				77F202BD2D0C02F7006EFA26 /* PBXTargetDependency */,
			);
			fileSystemSynchronizedGroups = (
				77F202BE2D0C02F7006EFA26 /* Birthday Note TakerTests */,
			);
			name = "Birthday Note TakerTests";
			packageProductDependencies = (
			);
			productName = "Birthday Note TakerTests";
			productReference = 77F202BB2D0C02F7006EFA26 /* Birthday Note TakerTests.xctest */;
			productType = "com.apple.product-type.bundle.unit-test";
		};
		77F202C42D0C02F7006EFA26 /* Birthday Note TakerUITests */ = {
			isa = PBXNativeTarget;
			buildConfigurationList = 77F202D62D0C02F7006EFA26 /* Build configuration list for PBXNativeTarget "Birthday Note TakerUITests" */;
			buildPhases = (
				77F202C12D0C02F7006EFA26 /* Sources */,
				77F202C22D0C02F7006EFA26 /* Frameworks */,
				77F202C32D0C02F7006EFA26 /* Resources */,
			);
			buildRules = (
			);
			dependencies = (
				77F202C72D0C02F7006EFA26 /* PBXTargetDependency */,
			);
			fileSystemSynchronizedGroups = (
				77F202C82D0C02F7006EFA26 /* Birthday Note TakerUITests */,
			);
			name = "Birthday Note TakerUITests";
			packageProductDependencies = (
			);
			productName = "Birthday Note TakerUITests";
			productReference = 77F202C52D0C02F7006EFA26 /* Birthday Note TakerUITests.xctest */;
			productType = "com.apple.product-type.bundle.ui-testing";
		};
/* End PBXNativeTarget section */

/* Begin PBXProject section */
		77F2029D2D0C02F4006EFA26 /* Project object */ = {
			isa = PBXProject;
			attributes = {
				BuildIndependentTargetsInParallel = 1;
				LastSwiftUpdateCheck = 1610;
				LastUpgradeCheck = 1610;
				TargetAttributes = {
					77F202A42D0C02F4006EFA26 = {
						CreatedOnToolsVersion = 16.1;
					};
					77F202BA2D0C02F7006EFA26 = {
						CreatedOnToolsVersion = 16.1;
						TestTargetID = 77F202A42D0C02F4006EFA26;
					};
					77F202C42D0C02F7006EFA26 = {
						CreatedOnToolsVersion = 16.1;
						TestTargetID = 77F202A42D0C02F4006EFA26;
					};
				};
			};
			buildConfigurationList = 77F202A02D0C02F4006EFA26 /* Build configuration list for PBXProject "Birthday Note Taker" */;
			developmentRegion = en;
			hasScannedForEncodings = 0;
			knownRegions = (
				en,
				Base,
			);
			mainGroup = 77F2029C2D0C02F4006EFA26;
			minimizedProjectReferenceProxies = 1;
			preferredProjectObjectVersion = 77;
			productRefGroup = 77F202A62D0C02F4006EFA26 /* Products */;
			projectDirPath = "";
			projectRoot = "";
			targets = (
				77F202A42D0C02F4006EFA26 /* Birthday Note Taker */,
				77F202BA2D0C02F7006EFA26 /* Birthday Note TakerTests */,
				77F202C42D0C02F7006EFA26 /* Birthday Note TakerUITests */,
			);
		};
/* End PBXProject section */

/* Begin PBXResourcesBuildPhase section */
		77F202A32D0C02F4006EFA26 /* Resources */ = {
			isa = PBXResourcesBuildPhase;
			buildActionMask = 2147483647;
			files = (
			);
			runOnlyForDeploymentPostprocessing = 0;
		};
		77F202B92D0C02F7006EFA26 /* Resources */ = {
			isa = PBXResourcesBuildPhase;
			buildActionMask = 2147483647;
			files = (
			);
			runOnlyForDeploymentPostprocessing = 0;
		};
		77F202C32D0C02F7006EFA26 /* Resources */ = {
			isa = PBXResourcesBuildPhase;
			buildActionMask = 2147483647;
			files = (
			);
			runOnlyForDeploymentPostprocessing = 0;
		};
/* End PBXResourcesBuildPhase section */

/* Begin PBXSourcesBuildPhase section */
		77F202A12D0C02F4006EFA26 /* Sources */ = {
			isa = PBXSourcesBuildPhase;
			buildActionMask = 2147483647;
			files = (
			);
			runOnlyForDeploymentPostprocessing = 0;
		};
		77F202B72D0C02F7006EFA26 /* Sources */ = {
			isa = PBXSourcesBuildPhase;
			buildActionMask = 2147483647;
			files = (
			);
			runOnlyForDeploymentPostprocessing = 0;
		};
		77F202C12D0C02F7006EFA26 /* Sources */ = {
			isa = PBXSourcesBuildPhase;
			buildActionMask = 2147483647;
			files = (
			);
			runOnlyForDeploymentPostprocessing = 0;
		};
/* End PBXSourcesBuildPhase section */

/* Begin PBXTargetDependency section */
		77F202BD2D0C02F7006EFA26 /* PBXTargetDependency */ = {
			isa = PBXTargetDependency;
			target = 77F202A42D0C02F4006EFA26 /* Birthday Note Taker */;
			targetProxy = 77F202BC2D0C02F7006EFA26 /* PBXContainerItemProxy */;
		};
		77F202C72D0C02F7006EFA26 /* PBXTargetDependency */ = {
			isa = PBXTargetDependency;
			target = 77F202A42D0C02F4006EFA26 /* Birthday Note Taker */;
			targetProxy = 77F202C62D0C02F7006EFA26 /* PBXContainerItemProxy */;
		};
/* End PBXTargetDependency section */

/* Begin XCBuildConfiguration section */
		77F202CF2D0C02F7006EFA26 /* Debug */ = {
			isa = XCBuildConfiguration;
			buildSettings = {
				ASSETCATALOG_COMPILER_APPICON_NAME = AppIcon;
				ASSETCATALOG_COMPILER_GLOBAL_ACCENT_COLOR_NAME = AccentColor;
				CODE_SIGN_STYLE = Automatic;
				CURRENT_PROJECT_VERSION = 1;
				DEVELOPMENT_TEAM = PVNW75FNGY;
				GENERATE_INFOPLIST_FILE = YES;
				INFOPLIST_FILE = "Birthday Note Taker/Info.plist";
				INFOPLIST_KEY_UIApplicationSupportsIndirectInputEvents = YES;
				INFOPLIST_KEY_UILaunchStoryboardName = LaunchScreen;
				INFOPLIST_KEY_UIMainStoryboardFile = Main;
				INFOPLIST_KEY_UISupportedInterfaceOrientations_iPad = "UIInterfaceOrientationPortrait UIInterfaceOrientationPortraitUpsideDown UIInterfaceOrientationLandscapeLeft UIInterfaceOrientationLandscapeRight";
				INFOPLIST_KEY_UISupportedInterfaceOrientations_iPhone = "UIInterfaceOrientationPortrait UIInterfaceOrientationLandscapeLeft UIInterfaceOrientationLandscapeRight";
				LD_RUNPATH_SEARCH_PATHS = (
					"$(inherited)",
					"@executable_path/Frameworks",
				);
				MARKETING_VERSION = 1.0;
				PRODUCT_BUNDLE_IDENTIFIER = "com.develonur.Birthday-Note-Taker";
				PRODUCT_NAME = "$(TARGET_NAME)";
				SWIFT_EMIT_LOC_STRINGS = YES;
				SWIFT_VERSION = 5.0;
				TARGETED_DEVICE_FAMILY = "1,2";
			};
			name = Debug;
		};
		77F202D02D0C02F7006EFA26 /* Release */ = {
			isa = XCBuildConfiguration;
			buildSettings = {
				ASSETCATALOG_COMPILER_APPICON_NAME = AppIcon;
				ASSETCATALOG_COMPILER_GLOBAL_ACCENT_COLOR_NAME = AccentColor;
				CODE_SIGN_STYLE = Automatic;
				CURRENT_PROJECT_VERSION = 1;
				DEVELOPMENT_TEAM = PVNW75FNGY;
				GENERATE_INFOPLIST_FILE = YES;
				INFOPLIST_FILE = "Birthday Note Taker/Info.plist";
				INFOPLIST_KEY_UIApplicationSupportsIndirectInputEvents = YES;
				INFOPLIST_KEY_UILaunchStoryboardName = LaunchScreen;
				INFOPLIST_KEY_UIMainStoryboardFile = Main;
				INFOPLIST_KEY_UISupportedInterfaceOrientations_iPad = "UIInterfaceOrientationPortrait UIInterfaceOrientationPortraitUpsideDown UIInterfaceOrientationLandscapeLeft UIInterfaceOrientationLandscapeRight";
				INFOPLIST_KEY_UISupportedInterfaceOrientations_iPhone = "UIInterfaceOrientationPortrait UIInterfaceOrientationLandscapeLeft UIInterfaceOrientationLandscapeRight";
				LD_RUNPATH_SEARCH_PATHS = (
					"$(inherited)",
					"@executable_path/Frameworks",
				);
				MARKETING_VERSION = 1.0;
				PRODUCT_BUNDLE_IDENTIFIER = "com.develonur.Birthday-Note-Taker";
				PRODUCT_NAME = "$(TARGET_NAME)";
				SWIFT_EMIT_LOC_STRINGS = YES;
				SWIFT_VERSION = 5.0;
				TARGETED_DEVICE_FAMILY = "1,2";
			};
			name = Release;
		};
		77F202D12D0C02F7006EFA26 /* Debug */ = {
			isa = XCBuildConfiguration;
			buildSettings = {
				ALWAYS_SEARCH_USER_PATHS = NO;
				ASSETCATALOG_COMPILER_GENERATE_SWIFT_ASSET_SYMBOL_EXTENSIONS = YES;
				CLANG_ANALYZER_NONNULL = YES;
				CLANG_ANALYZER_NUMBER_OBJECT_CONVERSION = YES_AGGRESSIVE;
				CLANG_CXX_LANGUAGE_STANDARD = "gnu++20";
				CLANG_ENABLE_MODULES = YES;
				CLANG_ENABLE_OBJC_ARC = YES;
				CLANG_ENABLE_OBJC_WEAK = YES;
				CLANG_WARN_BLOCK_CAPTURE_AUTORELEASING = YES;
				CLANG_WARN_BOOL_CONVERSION = YES;
				CLANG_WARN_COMMA = YES;
				CLANG_WARN_CONSTANT_CONVERSION = YES;
				CLANG_WARN_DEPRECATED_OBJC_IMPLEMENTATIONS = YES;
				CLANG_WARN_DIRECT_OBJC_ISA_USAGE = YES_ERROR;
				CLANG_WARN_DOCUMENTATION_COMMENTS = YES;
				CLANG_WARN_EMPTY_BODY = YES;
				CLANG_WARN_ENUM_CONVERSION = YES;
				CLANG_WARN_INFINITE_RECURSION = YES;
				CLANG_WARN_INT_CONVERSION = YES;
				CLANG_WARN_NON_LITERAL_NULL_CONVERSION = YES;
				CLANG_WARN_OBJC_IMPLICIT_RETAIN_SELF = YES;
				CLANG_WARN_OBJC_LITERAL_CONVERSION = YES;
				CLANG_WARN_OBJC_ROOT_CLASS = YES_ERROR;
				CLANG_WARN_QUOTED_INCLUDE_IN_FRAMEWORK_HEADER = YES;
				CLANG_WARN_RANGE_LOOP_ANALYSIS = YES;
				CLANG_WARN_STRICT_PROTOTYPES = YES;
				CLANG_WARN_SUSPICIOUS_MOVE = YES;
				CLANG_WARN_UNGUARDED_AVAILABILITY = YES_AGGRESSIVE;
				CLANG_WARN_UNREACHABLE_CODE = YES;
				CLANG_WARN__DUPLICATE_METHOD_MATCH = YES;
				COPY_PHASE_STRIP = NO;
				DEBUG_INFORMATION_FORMAT = dwarf;
				ENABLE_STRICT_OBJC_MSGSEND = YES;
				ENABLE_TESTABILITY = YES;
				ENABLE_USER_SCRIPT_SANDBOXING = YES;
				GCC_C_LANGUAGE_STANDARD = gnu17;
				GCC_DYNAMIC_NO_PIC = NO;
				GCC_NO_COMMON_BLOCKS = YES;
				GCC_OPTIMIZATION_LEVEL = 0;
				GCC_PREPROCESSOR_DEFINITIONS = (
					"DEBUG=1",
					"$(inherited)",
				);
				GCC_WARN_64_TO_32_BIT_CONVERSION = YES;
				GCC_WARN_ABOUT_RETURN_TYPE = YES_ERROR;
				GCC_WARN_UNDECLARED_SELECTOR = YES;
				GCC_WARN_UNINITIALIZED_AUTOS = YES_AGGRESSIVE;
				GCC_WARN_UNUSED_FUNCTION = YES;
				GCC_WARN_UNUSED_VARIABLE = YES;
				IPHONEOS_DEPLOYMENT_TARGET = 18.1;
				LOCALIZATION_PREFERS_STRING_CATALOGS = YES;
				MTL_ENABLE_DEBUG_INFO = INCLUDE_SOURCE;
				MTL_FAST_MATH = YES;
				ONLY_ACTIVE_ARCH = YES;
				SDKROOT = iphoneos;
				SWIFT_ACTIVE_COMPILATION_CONDITIONS = "DEBUG $(inherited)";
				SWIFT_OPTIMIZATION_LEVEL = "-Onone";
			};
			name = Debug;
		};
		77F202D22D0C02F7006EFA26 /* Release */ = {
			isa = XCBuildConfiguration;
			buildSettings = {
				ALWAYS_SEARCH_USER_PATHS = NO;
				ASSETCATALOG_COMPILER_GENERATE_SWIFT_ASSET_SYMBOL_EXTENSIONS = YES;
				CLANG_ANALYZER_NONNULL = YES;
				CLANG_ANALYZER_NUMBER_OBJECT_CONVERSION = YES_AGGRESSIVE;
				CLANG_CXX_LANGUAGE_STANDARD = "gnu++20";
				CLANG_ENABLE_MODULES = YES;
				CLANG_ENABLE_OBJC_ARC = YES;
				CLANG_ENABLE_OBJC_WEAK = YES;
				CLANG_WARN_BLOCK_CAPTURE_AUTORELEASING = YES;
				CLANG_WARN_BOOL_CONVERSION = YES;
				CLANG_WARN_COMMA = YES;
				CLANG_WARN_CONSTANT_CONVERSION = YES;
				CLANG_WARN_DEPRECATED_OBJC_IMPLEMENTATIONS = YES;
				CLANG_WARN_DIRECT_OBJC_ISA_USAGE = YES_ERROR;
				CLANG_WARN_DOCUMENTATION_COMMENTS = YES;
				CLANG_WARN_EMPTY_BODY = YES;
				CLANG_WARN_ENUM_CONVERSION = YES;
				CLANG_WARN_INFINITE_RECURSION = YES;
				CLANG_WARN_INT_CONVERSION = YES;
				CLANG_WARN_NON_LITERAL_NULL_CONVERSION = YES;
				CLANG_WARN_OBJC_IMPLICIT_RETAIN_SELF = YES;
				CLANG_WARN_OBJC_LITERAL_CONVERSION = YES;
				CLANG_WARN_OBJC_ROOT_CLASS = YES_ERROR;
				CLANG_WARN_QUOTED_INCLUDE_IN_FRAMEWORK_HEADER = YES;
				CLANG_WARN_RANGE_LOOP_ANALYSIS = YES;
				CLANG_WARN_STRICT_PROTOTYPES = YES;
				CLANG_WARN_SUSPICIOUS_MOVE = YES;
				CLANG_WARN_UNGUARDED_AVAILABILITY = YES_AGGRESSIVE;
				CLANG_WARN_UNREACHABLE_CODE = YES;
				CLANG_WARN__DUPLICATE_METHOD_MATCH = YES;
				COPY_PHASE_STRIP = NO;
				DEBUG_INFORMATION_FORMAT = "dwarf-with-dsym";
				ENABLE_NS_ASSERTIONS = NO;
				ENABLE_STRICT_OBJC_MSGSEND = YES;
				ENABLE_USER_SCRIPT_SANDBOXING = YES;
				GCC_C_LANGUAGE_STANDARD = gnu17;
				GCC_NO_COMMON_BLOCKS = YES;
				GCC_WARN_64_TO_32_BIT_CONVERSION = YES;
				GCC_WARN_ABOUT_RETURN_TYPE = YES_ERROR;
				GCC_WARN_UNDECLARED_SELECTOR = YES;
				GCC_WARN_UNINITIALIZED_AUTOS = YES_AGGRESSIVE;
				GCC_WARN_UNUSED_FUNCTION = YES;
				GCC_WARN_UNUSED_VARIABLE = YES;
				IPHONEOS_DEPLOYMENT_TARGET = 18.1;
				LOCALIZATION_PREFERS_STRING_CATALOGS = YES;
				MTL_ENABLE_DEBUG_INFO = NO;
				MTL_FAST_MATH = YES;
				SDKROOT = iphoneos;
				SWIFT_COMPILATION_MODE = wholemodule;
				VALIDATE_PRODUCT = YES;
			};
			name = Release;
		};
		77F202D42D0C02F7006EFA26 /* Debug */ = {
			isa = XCBuildConfiguration;
			buildSettings = {
				BUNDLE_LOADER = "$(TEST_HOST)";
				CODE_SIGN_STYLE = Automatic;
				CURRENT_PROJECT_VERSION = 1;
				DEVELOPMENT_TEAM = PVNW75FNGY;
				GENERATE_INFOPLIST_FILE = YES;
				IPHONEOS_DEPLOYMENT_TARGET = 18.1;
				MARKETING_VERSION = 1.0;
				PRODUCT_BUNDLE_IDENTIFIER = "com.develonur.Birthday-Note-TakerTests";
				PRODUCT_NAME = "$(TARGET_NAME)";
				SWIFT_EMIT_LOC_STRINGS = NO;
				SWIFT_VERSION = 5.0;
				TARGETED_DEVICE_FAMILY = "1,2";
				TEST_HOST = "$(BUILT_PRODUCTS_DIR)/Birthday Note Taker.app/$(BUNDLE_EXECUTABLE_FOLDER_PATH)/Birthday Note Taker";
			};
			name = Debug;
		};
		77F202D52D0C02F7006EFA26 /* Release */ = {
			isa = XCBuildConfiguration;
			buildSettings = {
				BUNDLE_LOADER = "$(TEST_HOST)";
				CODE_SIGN_STYLE = Automatic;
				CURRENT_PROJECT_VERSION = 1;
				DEVELOPMENT_TEAM = PVNW75FNGY;
				GENERATE_INFOPLIST_FILE = YES;
				IPHONEOS_DEPLOYMENT_TARGET = 18.1;
				MARKETING_VERSION = 1.0;
				PRODUCT_BUNDLE_IDENTIFIER = "com.develonur.Birthday-Note-TakerTests";
				PRODUCT_NAME = "$(TARGET_NAME)";
				SWIFT_EMIT_LOC_STRINGS = NO;
				SWIFT_VERSION = 5.0;
				TARGETED_DEVICE_FAMILY = "1,2";
				TEST_HOST = "$(BUILT_PRODUCTS_DIR)/Birthday Note Taker.app/$(BUNDLE_EXECUTABLE_FOLDER_PATH)/Birthday Note Taker";
			};
			name = Release;
		};
		77F202D72D0C02F7006EFA26 /* Debug */ = {
			isa = XCBuildConfiguration;
			buildSettings = {
				CODE_SIGN_STYLE = Automatic;
				CURRENT_PROJECT_VERSION = 1;
				DEVELOPMENT_TEAM = PVNW75FNGY;
				GENERATE_INFOPLIST_FILE = YES;
				MARKETING_VERSION = 1.0;
				PRODUCT_BUNDLE_IDENTIFIER = "com.develonur.Birthday-Note-TakerUITests";
				PRODUCT_NAME = "$(TARGET_NAME)";
				SWIFT_EMIT_LOC_STRINGS = NO;
				SWIFT_VERSION = 5.0;
				TARGETED_DEVICE_FAMILY = "1,2";
				TEST_TARGET_NAME = "Birthday Note Taker";
			};
			name = Debug;
		};
		77F202D82D0C02F7006EFA26 /* Release */ = {
			isa = XCBuildConfiguration;
			buildSettings = {
				CODE_SIGN_STYLE = Automatic;
				CURRENT_PROJECT_VERSION = 1;
				DEVELOPMENT_TEAM = PVNW75FNGY;
				GENERATE_INFOPLIST_FILE = YES;
				MARKETING_VERSION = 1.0;
				PRODUCT_BUNDLE_IDENTIFIER = "com.develonur.Birthday-Note-TakerUITests";
				PRODUCT_NAME = "$(TARGET_NAME)";
				SWIFT_EMIT_LOC_STRINGS = NO;
				SWIFT_VERSION = 5.0;
				TARGETED_DEVICE_FAMILY = "1,2";
				TEST_TARGET_NAME = "Birthday Note Taker";
			};
			name = Release;
		};
/* End XCBuildConfiguration section */

/* Begin XCConfigurationList section */
		77F202A02D0C02F4006EFA26 /* Build configuration list for PBXProject "Birthday Note Taker" */ = {
			isa = XCConfigurationList;
			buildConfigurations = (
				77F202D12D0C02F7006EFA26 /* Debug */,
				77F202D22D0C02F7006EFA26 /* Release */,
			);
			defaultConfigurationIsVisible = 0;
			defaultConfigurationName = Release;
		};
		77F202CE2D0C02F7006EFA26 /* Build configuration list for PBXNativeTarget "Birthday Note Taker" */ = {
			isa = XCConfigurationList;
			buildConfigurations = (
				77F202CF2D0C02F7006EFA26 /* Debug */,
				77F202D02D0C02F7006EFA26 /* Release */,
			);
			defaultConfigurationIsVisible = 0;
			defaultConfigurationName = Release;
		};
		77F202D32D0C02F7006EFA26 /* Build configuration list for PBXNativeTarget "Birthday Note TakerTests" */ = {
			isa = XCConfigurationList;
			buildConfigurations = (
				77F202D42D0C02F7006EFA26 /* Debug */,
				77F202D52D0C02F7006EFA26 /* Release */,
			);
			defaultConfigurationIsVisible = 0;
			defaultConfigurationName = Release;
		};
		77F202D62D0C02F7006EFA26 /* Build configuration list for PBXNativeTarget "Birthday Note TakerUITests" */ = {
			isa = XCConfigurationList;
			buildConfigurations = (
				77F202D72D0C02F7006EFA26 /* Debug */,
				77F202D82D0C02F7006EFA26 /* Release */,
			);
			defaultConfigurationIsVisible = 0;
			defaultConfigurationName = Release;
		};
/* End XCConfigurationList section */
	};
	rootObject = 77F2029D2D0C02F4006EFA26 /* Project object */;
}
