// !$*UTF8*$!
{
	archiveVersion = 1;
	classes = {
	};
	objectVersion = 77;
	objects = {

/* Begin PBXContainerItemProxy section */
		77F202F92D0C138E006EFA26 /* PBXContainerItemProxy */ = {
			isa = PBXContainerItemProxy;
			containerPortal = 77F202DA2D0C138B006EFA26 /* Project object */;
			proxyType = 1;
			remoteGlobalIDString = 77F202E12D0C138B006EFA26;
			remoteInfo = "Segue App";
		};
		77F203032D0C138E006EFA26 /* PBXContainerItemProxy */ = {
			isa = PBXContainerItemProxy;
			containerPortal = 77F202DA2D0C138B006EFA26 /* Project object */;
			proxyType = 1;
			remoteGlobalIDString = 77F202E12D0C138B006EFA26;
			remoteInfo = "Segue App";
		};
/* End PBXContainerItemProxy section */

/* Begin PBXFileReference section */
		77F202E22D0C138B006EFA26 /* Segue App.app */ = {isa = PBXFileReference; explicitFileType = wrapper.application; includeInIndex = 0; path = "Segue App.app"; sourceTree = BUILT_PRODUCTS_DIR; };
		77F202F82D0C138E006EFA26 /* Segue AppTests.xctest */ = {isa = PBXFileReference; explicitFileType = wrapper.cfbundle; includeInIndex = 0; path = "Segue AppTests.xctest"; sourceTree = BUILT_PRODUCTS_DIR; };
		77F203022D0C138E006EFA26 /* Segue AppUITests.xctest */ = {isa = PBXFileReference; explicitFileType = wrapper.cfbundle; includeInIndex = 0; path = "Segue AppUITests.xctest"; sourceTree = BUILT_PRODUCTS_DIR; };
/* End PBXFileReference section */

/* Begin PBXFileSystemSynchronizedBuildFileExceptionSet section */
		77F2030A2D0C138E006EFA26 /* Exceptions for "Segue App" folder in "Segue App" target */ = {
			isa = PBXFileSystemSynchronizedBuildFileExceptionSet;
			membershipExceptions = (
				Info.plist,
			);
			target = 77F202E12D0C138B006EFA26 /* Segue App */;
		};
/* End PBXFileSystemSynchronizedBuildFileExceptionSet section */

/* Begin PBXFileSystemSynchronizedRootGroup section */
		77F202E42D0C138B006EFA26 /* Segue App */ = {
			isa = PBXFileSystemSynchronizedRootGroup;
			exceptions = (
				77F2030A2D0C138E006EFA26 /* Exceptions for "Segue App" folder in "Segue App" target */,
			);
			path = "Segue App";
			sourceTree = "<group>";
		};
		77F202FB2D0C138E006EFA26 /* Segue AppTests */ = {
			isa = PBXFileSystemSynchronizedRootGroup;
			path = "Segue AppTests";
			sourceTree = "<group>";
		};
		77F203052D0C138E006EFA26 /* Segue AppUITests */ = {
			isa = PBXFileSystemSynchronizedRootGroup;
			path = "Segue AppUITests";
			sourceTree = "<group>";
		};
/* End PBXFileSystemSynchronizedRootGroup section */

/* Begin PBXFrameworksBuildPhase section */
		77F202DF2D0C138B006EFA26 /* Frameworks */ = {
			isa = PBXFrameworksBuildPhase;
			buildActionMask = 2147483647;
			files = (
			);
			runOnlyForDeploymentPostprocessing = 0;
		};
		77F202F52D0C138E006EFA26 /* Frameworks */ = {
			isa = PBXFrameworksBuildPhase;
			buildActionMask = 2147483647;
			files = (
			);
			runOnlyForDeploymentPostprocessing = 0;
		};
		77F202FF2D0C138E006EFA26 /* Frameworks */ = {
			isa = PBXFrameworksBuildPhase;
			buildActionMask = 2147483647;
			files = (
			);
			runOnlyForDeploymentPostprocessing = 0;
		};
/* End PBXFrameworksBuildPhase section */

/* Begin PBXGroup section */
		77F202D92D0C138B006EFA26 = {
			isa = PBXGroup;
			children = (
				77F202E42D0C138B006EFA26 /* Segue App */,
				77F202FB2D0C138E006EFA26 /* Segue AppTests */,
				77F203052D0C138E006EFA26 /* Segue AppUITests */,
				77F202E32D0C138B006EFA26 /* Products */,
			);
			sourceTree = "<group>";
		};
		77F202E32D0C138B006EFA26 /* Products */ = {
			isa = PBXGroup;
			children = (
				77F202E22D0C138B006EFA26 /* Segue App.app */,
				77F202F82D0C138E006EFA26 /* Segue AppTests.xctest */,
				77F203022D0C138E006EFA26 /* Segue AppUITests.xctest */,
			);
			name = Products;
			sourceTree = "<group>";
		};
/* End PBXGroup section */

/* Begin PBXNativeTarget section */
		77F202E12D0C138B006EFA26 /* Segue App */ = {
			isa = PBXNativeTarget;
			buildConfigurationList = 77F2030B2D0C138E006EFA26 /* Build configuration list for PBXNativeTarget "Segue App" */;
			buildPhases = (
				77F202DE2D0C138B006EFA26 /* Sources */,
				77F202DF2D0C138B006EFA26 /* Frameworks */,
				77F202E02D0C138B006EFA26 /* Resources */,
			);
			buildRules = (
			);
			dependencies = (
			);
			fileSystemSynchronizedGroups = (
				77F202E42D0C138B006EFA26 /* Segue App */,
			);
			name = "Segue App";
			packageProductDependencies = (
			);
			productName = "Segue App";
			productReference = 77F202E22D0C138B006EFA26 /* Segue App.app */;
			productType = "com.apple.product-type.application";
		};
		77F202F72D0C138E006EFA26 /* Segue AppTests */ = {
			isa = PBXNativeTarget;
			buildConfigurationList = 77F203102D0C138E006EFA26 /* Build configuration list for PBXNativeTarget "Segue AppTests" */;
			buildPhases = (
				77F202F42D0C138E006EFA26 /* Sources */,
				77F202F52D0C138E006EFA26 /* Frameworks */,
				77F202F62D0C138E006EFA26 /* Resources */,
			);
			buildRules = (
			);
			dependencies = (
				77F202FA2D0C138E006EFA26 /* PBXTargetDependency */,
			);
			fileSystemSynchronizedGroups = (
				77F202FB2D0C138E006EFA26 /* Segue AppTests */,
			);
			name = "Segue AppTests";
			packageProductDependencies = (
			);
			productName = "Segue AppTests";
			productReference = 77F202F82D0C138E006EFA26 /* Segue AppTests.xctest */;
			productType = "com.apple.product-type.bundle.unit-test";
		};
		77F203012D0C138E006EFA26 /* Segue AppUITests */ = {
			isa = PBXNativeTarget;
			buildConfigurationList = 77F203132D0C138E006EFA26 /* Build configuration list for PBXNativeTarget "Segue AppUITests" */;
			buildPhases = (
				77F202FE2D0C138E006EFA26 /* Sources */,
				77F202FF2D0C138E006EFA26 /* Frameworks */,
				77F203002D0C138E006EFA26 /* Resources */,
			);
			buildRules = (
			);
			dependencies = (
				77F203042D0C138E006EFA26 /* PBXTargetDependency */,
			);
			fileSystemSynchronizedGroups = (
				77F203052D0C138E006EFA26 /* Segue AppUITests */,
			);
			name = "Segue AppUITests";
			packageProductDependencies = (
			);
			productName = "Segue AppUITests";
			productReference = 77F203022D0C138E006EFA26 /* Segue AppUITests.xctest */;
			productType = "com.apple.product-type.bundle.ui-testing";
		};
/* End PBXNativeTarget section */

/* Begin PBXProject section */
		77F202DA2D0C138B006EFA26 /* Project object */ = {
			isa = PBXProject;
			attributes = {
				BuildIndependentTargetsInParallel = 1;
				LastSwiftUpdateCheck = 1610;
				LastUpgradeCheck = 1610;
				TargetAttributes = {
					77F202E12D0C138B006EFA26 = {
						CreatedOnToolsVersion = 16.1;
					};
					77F202F72D0C138E006EFA26 = {
						CreatedOnToolsVersion = 16.1;
						TestTargetID = 77F202E12D0C138B006EFA26;
					};
					77F203012D0C138E006EFA26 = {
						CreatedOnToolsVersion = 16.1;
						TestTargetID = 77F202E12D0C138B006EFA26;
					};
				};
			};
			buildConfigurationList = 77F202DD2D0C138B006EFA26 /* Build configuration list for PBXProject "Segue App" */;
			developmentRegion = en;
			hasScannedForEncodings = 0;
			knownRegions = (
				en,
				Base,
			);
			mainGroup = 77F202D92D0C138B006EFA26;
			minimizedProjectReferenceProxies = 1;
			preferredProjectObjectVersion = 77;
			productRefGroup = 77F202E32D0C138B006EFA26 /* Products */;
			projectDirPath = "";
			projectRoot = "";
			targets = (
				77F202E12D0C138B006EFA26 /* Segue App */,
				77F202F72D0C138E006EFA26 /* Segue AppTests */,
				77F203012D0C138E006EFA26 /* Segue AppUITests */,
			);
		};
/* End PBXProject section */

/* Begin PBXResourcesBuildPhase section */
		77F202E02D0C138B006EFA26 /* Resources */ = {
			isa = PBXResourcesBuildPhase;
			buildActionMask = 2147483647;
			files = (
			);
			runOnlyForDeploymentPostprocessing = 0;
		};
		77F202F62D0C138E006EFA26 /* Resources */ = {
			isa = PBXResourcesBuildPhase;
			buildActionMask = 2147483647;
			files = (
			);
			runOnlyForDeploymentPostprocessing = 0;
		};
		77F203002D0C138E006EFA26 /* Resources */ = {
			isa = PBXResourcesBuildPhase;
			buildActionMask = 2147483647;
			files = (
			);
			runOnlyForDeploymentPostprocessing = 0;
		};
/* End PBXResourcesBuildPhase section */

/* Begin PBXSourcesBuildPhase section */
		77F202DE2D0C138B006EFA26 /* Sources */ = {
			isa = PBXSourcesBuildPhase;
			buildActionMask = 2147483647;
			files = (
			);
			runOnlyForDeploymentPostprocessing = 0;
		};
		77F202F42D0C138E006EFA26 /* Sources */ = {
			isa = PBXSourcesBuildPhase;
			buildActionMask = 2147483647;
			files = (
			);
			runOnlyForDeploymentPostprocessing = 0;
		};
		77F202FE2D0C138E006EFA26 /* Sources */ = {
			isa = PBXSourcesBuildPhase;
			buildActionMask = 2147483647;
			files = (
			);
			runOnlyForDeploymentPostprocessing = 0;
		};
/* End PBXSourcesBuildPhase section */

/* Begin PBXTargetDependency section */
		77F202FA2D0C138E006EFA26 /* PBXTargetDependency */ = {
			isa = PBXTargetDependency;
			target = 77F202E12D0C138B006EFA26 /* Segue App */;
			targetProxy = 77F202F92D0C138E006EFA26 /* PBXContainerItemProxy */;
		};
		77F203042D0C138E006EFA26 /* PBXTargetDependency */ = {
			isa = PBXTargetDependency;
			target = 77F202E12D0C138B006EFA26 /* Segue App */;
			targetProxy = 77F203032D0C138E006EFA26 /* PBXContainerItemProxy */;
		};
/* End PBXTargetDependency section */

/* Begin XCBuildConfiguration section */
		77F2030C2D0C138E006EFA26 /* Debug */ = {
			isa = XCBuildConfiguration;
			buildSettings = {
				ASSETCATALOG_COMPILER_APPICON_NAME = AppIcon;
				ASSETCATALOG_COMPILER_GLOBAL_ACCENT_COLOR_NAME = AccentColor;
				CODE_SIGN_STYLE = Automatic;
				CURRENT_PROJECT_VERSION = 1;
				DEVELOPMENT_TEAM = PVNW75FNGY;
				GENERATE_INFOPLIST_FILE = YES;
				INFOPLIST_FILE = "Segue App/Info.plist";
				INFOPLIST_KEY_UIApplicationSupportsIndirectInputEvents = YES;
				INFOPLIST_KEY_UILaunchStoryboardName = LaunchScreen;
				INFOPLIST_KEY_UIMainStoryboardFile = Main;
				INFOPLIST_KEY_UISupportedInterfaceOrientations_iPad = "UIInterfaceOrientationPortrait UIInterfaceOrientationPortraitUpsideDown UIInterfaceOrientationLandscapeLeft UIInterfaceOrientationLandscapeRight";
				INFOPLIST_KEY_UISupportedInterfaceOrientations_iPhone = "UIInterfaceOrientationPortrait UIInterfaceOrientationLandscapeLeft UIInterfaceOrientationLandscapeRight";
				LD_RUNPATH_SEARCH_PATHS = (
					"$(inherited)",
					"@executable_path/Frameworks",
				);
				MARKETING_VERSION = 1.0;
				PRODUCT_BUNDLE_IDENTIFIER = "com.develonur.Segue-App";
				PRODUCT_NAME = "$(TARGET_NAME)";
				SWIFT_EMIT_LOC_STRINGS = YES;
				SWIFT_VERSION = 5.0;
				TARGETED_DEVICE_FAMILY = "1,2";
			};
			name = Debug;
		};
		77F2030D2D0C138E006EFA26 /* Release */ = {
			isa = XCBuildConfiguration;
			buildSettings = {
				ASSETCATALOG_COMPILER_APPICON_NAME = AppIcon;
				ASSETCATALOG_COMPILER_GLOBAL_ACCENT_COLOR_NAME = AccentColor;
				CODE_SIGN_STYLE = Automatic;
				CURRENT_PROJECT_VERSION = 1;
				DEVELOPMENT_TEAM = PVNW75FNGY;
				GENERATE_INFOPLIST_FILE = YES;
				INFOPLIST_FILE = "Segue App/Info.plist";
				INFOPLIST_KEY_UIApplicationSupportsIndirectInputEvents = YES;
				INFOPLIST_KEY_UILaunchStoryboardName = LaunchScreen;
				INFOPLIST_KEY_UIMainStoryboardFile = Main;
				INFOPLIST_KEY_UISupportedInterfaceOrientations_iPad = "UIInterfaceOrientationPortrait UIInterfaceOrientationPortraitUpsideDown UIInterfaceOrientationLandscapeLeft UIInterfaceOrientationLandscapeRight";
				INFOPLIST_KEY_UISupportedInterfaceOrientations_iPhone = "UIInterfaceOrientationPortrait UIInterfaceOrientationLandscapeLeft UIInterfaceOrientationLandscapeRight";
				LD_RUNPATH_SEARCH_PATHS = (
					"$(inherited)",
					"@executable_path/Frameworks",
				);
				MARKETING_VERSION = 1.0;
				PRODUCT_BUNDLE_IDENTIFIER = "com.develonur.Segue-App";
				PRODUCT_NAME = "$(TARGET_NAME)";
				SWIFT_EMIT_LOC_STRINGS = YES;
				SWIFT_VERSION = 5.0;
				TARGETED_DEVICE_FAMILY = "1,2";
			};
			name = Release;
		};
		77F2030E2D0C138E006EFA26 /* Debug */ = {
			isa = XCBuildConfiguration;
			buildSettings = {
				ALWAYS_SEARCH_USER_PATHS = NO;
				ASSETCATALOG_COMPILER_GENERATE_SWIFT_ASSET_SYMBOL_EXTENSIONS = YES;
				CLANG_ANALYZER_NONNULL = YES;
				CLANG_ANALYZER_NUMBER_OBJECT_CONVERSION = YES_AGGRESSIVE;
				CLANG_CXX_LANGUAGE_STANDARD = "gnu++20";
				CLANG_ENABLE_MODULES = YES;
				CLANG_ENABLE_OBJC_ARC = YES;
				CLANG_ENABLE_OBJC_WEAK = YES;
				CLANG_WARN_BLOCK_CAPTURE_AUTORELEASING = YES;
				CLANG_WARN_BOOL_CONVERSION = YES;
				CLANG_WARN_COMMA = YES;
				CLANG_WARN_CONSTANT_CONVERSION = YES;
				CLANG_WARN_DEPRECATED_OBJC_IMPLEMENTATIONS = YES;
				CLANG_WARN_DIRECT_OBJC_ISA_USAGE = YES_ERROR;
				CLANG_WARN_DOCUMENTATION_COMMENTS = YES;
				CLANG_WARN_EMPTY_BODY = YES;
				CLANG_WARN_ENUM_CONVERSION = YES;
				CLANG_WARN_INFINITE_RECURSION = YES;
				CLANG_WARN_INT_CONVERSION = YES;
				CLANG_WARN_NON_LITERAL_NULL_CONVERSION = YES;
				CLANG_WARN_OBJC_IMPLICIT_RETAIN_SELF = YES;
				CLANG_WARN_OBJC_LITERAL_CONVERSION = YES;
				CLANG_WARN_OBJC_ROOT_CLASS = YES_ERROR;
				CLANG_WARN_QUOTED_INCLUDE_IN_FRAMEWORK_HEADER = YES;
				CLANG_WARN_RANGE_LOOP_ANALYSIS = YES;
				CLANG_WARN_STRICT_PROTOTYPES = YES;
				CLANG_WARN_SUSPICIOUS_MOVE = YES;
				CLANG_WARN_UNGUARDED_AVAILABILITY = YES_AGGRESSIVE;
				CLANG_WARN_UNREACHABLE_CODE = YES;
				CLANG_WARN__DUPLICATE_METHOD_MATCH = YES;
				COPY_PHASE_STRIP = NO;
				DEBUG_INFORMATION_FORMAT = dwarf;
				ENABLE_STRICT_OBJC_MSGSEND = YES;
				ENABLE_TESTABILITY = YES;
				ENABLE_USER_SCRIPT_SANDBOXING = YES;
				GCC_C_LANGUAGE_STANDARD = gnu17;
				GCC_DYNAMIC_NO_PIC = NO;
				GCC_NO_COMMON_BLOCKS = YES;
				GCC_OPTIMIZATION_LEVEL = 0;
				GCC_PREPROCESSOR_DEFINITIONS = (
					"DEBUG=1",
					"$(inherited)",
				);
				GCC_WARN_64_TO_32_BIT_CONVERSION = YES;
				GCC_WARN_ABOUT_RETURN_TYPE = YES_ERROR;
				GCC_WARN_UNDECLARED_SELECTOR = YES;
				GCC_WARN_UNINITIALIZED_AUTOS = YES_AGGRESSIVE;
				GCC_WARN_UNUSED_FUNCTION = YES;
				GCC_WARN_UNUSED_VARIABLE = YES;
				IPHONEOS_DEPLOYMENT_TARGET = 18.1;
				LOCALIZATION_PREFERS_STRING_CATALOGS = YES;
				MTL_ENABLE_DEBUG_INFO = INCLUDE_SOURCE;
				MTL_FAST_MATH = YES;
				ONLY_ACTIVE_ARCH = YES;
				SDKROOT = iphoneos;
				SWIFT_ACTIVE_COMPILATION_CONDITIONS = "DEBUG $(inherited)";
				SWIFT_OPTIMIZATION_LEVEL = "-Onone";
			};
			name = Debug;
		};
		77F2030F2D0C138E006EFA26 /* Release */ = {
			isa = XCBuildConfiguration;
			buildSettings = {
				ALWAYS_SEARCH_USER_PATHS = NO;
				ASSETCATALOG_COMPILER_GENERATE_SWIFT_ASSET_SYMBOL_EXTENSIONS = YES;
				CLANG_ANALYZER_NONNULL = YES;
				CLANG_ANALYZER_NUMBER_OBJECT_CONVERSION = YES_AGGRESSIVE;
				CLANG_CXX_LANGUAGE_STANDARD = "gnu++20";
				CLANG_ENABLE_MODULES = YES;
				CLANG_ENABLE_OBJC_ARC = YES;
				CLANG_ENABLE_OBJC_WEAK = YES;
				CLANG_WARN_BLOCK_CAPTURE_AUTORELEASING = YES;
				CLANG_WARN_BOOL_CONVERSION = YES;
				CLANG_WARN_COMMA = YES;
				CLANG_WARN_CONSTANT_CONVERSION = YES;
				CLANG_WARN_DEPRECATED_OBJC_IMPLEMENTATIONS = YES;
				CLANG_WARN_DIRECT_OBJC_ISA_USAGE = YES_ERROR;
				CLANG_WARN_DOCUMENTATION_COMMENTS = YES;
				CLANG_WARN_EMPTY_BODY = YES;
				CLANG_WARN_ENUM_CONVERSION = YES;
				CLANG_WARN_INFINITE_RECURSION = YES;
				CLANG_WARN_INT_CONVERSION = YES;
				CLANG_WARN_NON_LITERAL_NULL_CONVERSION = YES;
				CLANG_WARN_OBJC_IMPLICIT_RETAIN_SELF = YES;
				CLANG_WARN_OBJC_LITERAL_CONVERSION = YES;
				CLANG_WARN_OBJC_ROOT_CLASS = YES_ERROR;
				CLANG_WARN_QUOTED_INCLUDE_IN_FRAMEWORK_HEADER = YES;
				CLANG_WARN_RANGE_LOOP_ANALYSIS = YES;
				CLANG_WARN_STRICT_PROTOTYPES = YES;
				CLANG_WARN_SUSPICIOUS_MOVE = YES;
				CLANG_WARN_UNGUARDED_AVAILABILITY = YES_AGGRESSIVE;
				CLANG_WARN_UNREACHABLE_CODE = YES;
				CLANG_WARN__DUPLICATE_METHOD_MATCH = YES;
				COPY_PHASE_STRIP = NO;
				DEBUG_INFORMATION_FORMAT = "dwarf-with-dsym";
				ENABLE_NS_ASSERTIONS = NO;
				ENABLE_STRICT_OBJC_MSGSEND = YES;
				ENABLE_USER_SCRIPT_SANDBOXING = YES;
				GCC_C_LANGUAGE_STANDARD = gnu17;
				GCC_NO_COMMON_BLOCKS = YES;
				GCC_WARN_64_TO_32_BIT_CONVERSION = YES;
				GCC_WARN_ABOUT_RETURN_TYPE = YES_ERROR;
				GCC_WARN_UNDECLARED_SELECTOR = YES;
				GCC_WARN_UNINITIALIZED_AUTOS = YES_AGGRESSIVE;
				GCC_WARN_UNUSED_FUNCTION = YES;
				GCC_WARN_UNUSED_VARIABLE = YES;
				IPHONEOS_DEPLOYMENT_TARGET = 18.1;
				LOCALIZATION_PREFERS_STRING_CATALOGS = YES;
				MTL_ENABLE_DEBUG_INFO = NO;
				MTL_FAST_MATH = YES;
				SDKROOT = iphoneos;
				SWIFT_COMPILATION_MODE = wholemodule;
				VALIDATE_PRODUCT = YES;
			};
			name = Release;
		};
		77F203112D0C138E006EFA26 /* Debug */ = {
			isa = XCBuildConfiguration;
			buildSettings = {
				BUNDLE_LOADER = "$(TEST_HOST)";
				CODE_SIGN_STYLE = Automatic;
				CURRENT_PROJECT_VERSION = 1;
				DEVELOPMENT_TEAM = PVNW75FNGY;
				GENERATE_INFOPLIST_FILE = YES;
				IPHONEOS_DEPLOYMENT_TARGET = 18.1;
				MARKETING_VERSION = 1.0;
				PRODUCT_BUNDLE_IDENTIFIER = "com.develonur.Segue-AppTests";
				PRODUCT_NAME = "$(TARGET_NAME)";
				SWIFT_EMIT_LOC_STRINGS = NO;
				SWIFT_VERSION = 5.0;
				TARGETED_DEVICE_FAMILY = "1,2";
				TEST_HOST = "$(BUILT_PRODUCTS_DIR)/Segue App.app/$(BUNDLE_EXECUTABLE_FOLDER_PATH)/Segue App";
			};
			name = Debug;
		};
		77F203122D0C138E006EFA26 /* Release */ = {
			isa = XCBuildConfiguration;
			buildSettings = {
				BUNDLE_LOADER = "$(TEST_HOST)";
				CODE_SIGN_STYLE = Automatic;
				CURRENT_PROJECT_VERSION = 1;
				DEVELOPMENT_TEAM = PVNW75FNGY;
				GENERATE_INFOPLIST_FILE = YES;
				IPHONEOS_DEPLOYMENT_TARGET = 18.1;
				MARKETING_VERSION = 1.0;
				PRODUCT_BUNDLE_IDENTIFIER = "com.develonur.Segue-AppTests";
				PRODUCT_NAME = "$(TARGET_NAME)";
				SWIFT_EMIT_LOC_STRINGS = NO;
				SWIFT_VERSION = 5.0;
				TARGETED_DEVICE_FAMILY = "1,2";
				TEST_HOST = "$(BUILT_PRODUCTS_DIR)/Segue App.app/$(BUNDLE_EXECUTABLE_FOLDER_PATH)/Segue App";
			};
			name = Release;
		};
		77F203142D0C138E006EFA26 /* Debug */ = {
			isa = XCBuildConfiguration;
			buildSettings = {
				CODE_SIGN_STYLE = Automatic;
				CURRENT_PROJECT_VERSION = 1;
				DEVELOPMENT_TEAM = PVNW75FNGY;
				GENERATE_INFOPLIST_FILE = YES;
				MARKETING_VERSION = 1.0;
				PRODUCT_BUNDLE_IDENTIFIER = "com.develonur.Segue-AppUITests";
				PRODUCT_NAME = "$(TARGET_NAME)";
				SWIFT_EMIT_LOC_STRINGS = NO;
				SWIFT_VERSION = 5.0;
				TARGETED_DEVICE_FAMILY = "1,2";
				TEST_TARGET_NAME = "Segue App";
			};
			name = Debug;
		};
		77F203152D0C138E006EFA26 /* Release */ = {
			isa = XCBuildConfiguration;
			buildSettings = {
				CODE_SIGN_STYLE = Automatic;
				CURRENT_PROJECT_VERSION = 1;
				DEVELOPMENT_TEAM = PVNW75FNGY;
				GENERATE_INFOPLIST_FILE = YES;
				MARKETING_VERSION = 1.0;
				PRODUCT_BUNDLE_IDENTIFIER = "com.develonur.Segue-AppUITests";
				PRODUCT_NAME = "$(TARGET_NAME)";
				SWIFT_EMIT_LOC_STRINGS = NO;
				SWIFT_VERSION = 5.0;
				TARGETED_DEVICE_FAMILY = "1,2";
				TEST_TARGET_NAME = "Segue App";
			};
			name = Release;
		};
/* End XCBuildConfiguration section */

/* Begin XCConfigurationList section */
		77F202DD2D0C138B006EFA26 /* Build configuration list for PBXProject "Segue App" */ = {
			isa = XCConfigurationList;
			buildConfigurations = (
				77F2030E2D0C138E006EFA26 /* Debug */,
				77F2030F2D0C138E006EFA26 /* Release */,
			);
			defaultConfigurationIsVisible = 0;
			defaultConfigurationName = Release;
		};
		77F2030B2D0C138E006EFA26 /* Build configuration list for PBXNativeTarget "Segue App" */ = {
			isa = XCConfigurationList;
			buildConfigurations = (
				77F2030C2D0C138E006EFA26 /* Debug */,
				77F2030D2D0C138E006EFA26 /* Release */,
			);
			defaultConfigurationIsVisible = 0;
			defaultConfigurationName = Release;
		};
		77F203102D0C138E006EFA26 /* Build configuration list for PBXNativeTarget "Segue AppTests" */ = {
			isa = XCConfigurationList;
			buildConfigurations = (
				77F203112D0C138E006EFA26 /* Debug */,
				77F203122D0C138E006EFA26 /* Release */,
			);
			defaultConfigurationIsVisible = 0;
			defaultConfigurationName = Release;
		};
		77F203132D0C138E006EFA26 /* Build configuration list for PBXNativeTarget "Segue AppUITests" */ = {
			isa = XCConfigurationList;
			buildConfigurations = (
				77F203142D0C138E006EFA26 /* Debug */,
				77F203152D0C138E006EFA26 /* Release */,
			);
			defaultConfigurationIsVisible = 0;
			defaultConfigurationName = Release;
		};
/* End XCConfigurationList section */
	};
	rootObject = 77F202DA2D0C138B006EFA26 /* Project object */;
}
