// !$*UTF8*$!
{
	archiveVersion = 1;
	classes = {
	};
	objectVersion = 77;
	objects = {

/* Begin PBXContainerItemProxy section */
		77F202802D0C01CC006EFA26 /* PBXContainerItemProxy */ = {
			isa = PBXContainerItemProxy;
			containerPortal = 77F202672D0C01C8006EFA26 /* Project object */;
			proxyType = 1;
			remoteGlobalIDString = 77F2026E2D0C01C8006EFA26;
			remoteInfo = "Swift UI Intro";
		};
		77F2028A2D0C01CD006EFA26 /* PBXContainerItemProxy */ = {
			isa = PBXContainerItemProxy;
			containerPortal = 77F202672D0C01C8006EFA26 /* Project object */;
			proxyType = 1;
			remoteGlobalIDString = 77F2026E2D0C01C8006EFA26;
			remoteInfo = "Swift UI Intro";
		};
/* End PBXContainerItemProxy section */

/* Begin PBXFileReference section */
		77F2026F2D0C01C8006EFA26 /* Swift UI Intro.app */ = {isa = PBXFileReference; explicitFileType = wrapper.application; includeInIndex = 0; path = "Swift UI Intro.app"; sourceTree = BUILT_PRODUCTS_DIR; };
		77F2027F2D0C01CC006EFA26 /* Swift UI IntroTests.xctest */ = {isa = PBXFileReference; explicitFileType = wrapper.cfbundle; includeInIndex = 0; path = "Swift UI IntroTests.xctest"; sourceTree = BUILT_PRODUCTS_DIR; };
		77F202892D0C01CD006EFA26 /* Swift UI IntroUITests.xctest */ = {isa = PBXFileReference; explicitFileType = wrapper.cfbundle; includeInIndex = 0; path = "Swift UI IntroUITests.xctest"; sourceTree = BUILT_PRODUCTS_DIR; };
/* End PBXFileReference section */

/* Begin PBXFileSystemSynchronizedRootGroup section */
		77F202712D0C01C8006EFA26 /* Swift UI Intro */ = {
			isa = PBXFileSystemSynchronizedRootGroup;
			path = "Swift UI Intro";
			sourceTree = "<group>";
		};
		77F202822D0C01CC006EFA26 /* Swift UI IntroTests */ = {
			isa = PBXFileSystemSynchronizedRootGroup;
			path = "Swift UI IntroTests";
			sourceTree = "<group>";
		};
		77F2028C2D0C01CD006EFA26 /* Swift UI IntroUITests */ = {
			isa = PBXFileSystemSynchronizedRootGroup;
			path = "Swift UI IntroUITests";
			sourceTree = "<group>";
		};
/* End PBXFileSystemSynchronizedRootGroup section */

/* Begin PBXFrameworksBuildPhase section */
		77F2026C2D0C01C8006EFA26 /* Frameworks */ = {
			isa = PBXFrameworksBuildPhase;
			buildActionMask = 2147483647;
			files = (
			);
			runOnlyForDeploymentPostprocessing = 0;
		};
		77F2027C2D0C01CC006EFA26 /* Frameworks */ = {
			isa = PBXFrameworksBuildPhase;
			buildActionMask = 2147483647;
			files = (
			);
			runOnlyForDeploymentPostprocessing = 0;
		};
		77F202862D0C01CD006EFA26 /* Frameworks */ = {
			isa = PBXFrameworksBuildPhase;
			buildActionMask = 2147483647;
			files = (
			);
			runOnlyForDeploymentPostprocessing = 0;
		};
/* End PBXFrameworksBuildPhase section */

/* Begin PBXGroup section */
		77F202662D0C01C8006EFA26 = {
			isa = PBXGroup;
			children = (
				77F202712D0C01C8006EFA26 /* Swift UI Intro */,
				77F202822D0C01CC006EFA26 /* Swift UI IntroTests */,
				77F2028C2D0C01CD006EFA26 /* Swift UI IntroUITests */,
				77F202702D0C01C8006EFA26 /* Products */,
			);
			sourceTree = "<group>";
		};
		77F202702D0C01C8006EFA26 /* Products */ = {
			isa = PBXGroup;
			children = (
				77F2026F2D0C01C8006EFA26 /* Swift UI Intro.app */,
				77F2027F2D0C01CC006EFA26 /* Swift UI IntroTests.xctest */,
				77F202892D0C01CD006EFA26 /* Swift UI IntroUITests.xctest */,
			);
			name = Products;
			sourceTree = "<group>";
		};
/* End PBXGroup section */

/* Begin PBXNativeTarget section */
		77F2026E2D0C01C8006EFA26 /* Swift UI Intro */ = {
			isa = PBXNativeTarget;
			buildConfigurationList = 77F202932D0C01CD006EFA26 /* Build configuration list for PBXNativeTarget "Swift UI Intro" */;
			buildPhases = (
				77F2026B2D0C01C8006EFA26 /* Sources */,
				77F2026C2D0C01C8006EFA26 /* Frameworks */,
				77F2026D2D0C01C8006EFA26 /* Resources */,
			);
			buildRules = (
			);
			dependencies = (
			);
			fileSystemSynchronizedGroups = (
				77F202712D0C01C8006EFA26 /* Swift UI Intro */,
			);
			name = "Swift UI Intro";
			packageProductDependencies = (
			);
			productName = "Swift UI Intro";
			productReference = 77F2026F2D0C01C8006EFA26 /* Swift UI Intro.app */;
			productType = "com.apple.product-type.application";
		};
		77F2027E2D0C01CC006EFA26 /* Swift UI IntroTests */ = {
			isa = PBXNativeTarget;
			buildConfigurationList = 77F202962D0C01CD006EFA26 /* Build configuration list for PBXNativeTarget "Swift UI IntroTests" */;
			buildPhases = (
				77F2027B2D0C01CC006EFA26 /* Sources */,
				77F2027C2D0C01CC006EFA26 /* Frameworks */,
				77F2027D2D0C01CC006EFA26 /* Resources */,
			);
			buildRules = (
			);
			dependencies = (
				77F202812D0C01CC006EFA26 /* PBXTargetDependency */,
			);
			fileSystemSynchronizedGroups = (
				77F202822D0C01CC006EFA26 /* Swift UI IntroTests */,
			);
			name = "Swift UI IntroTests";
			packageProductDependencies = (
			);
			productName = "Swift UI IntroTests";
			productReference = 77F2027F2D0C01CC006EFA26 /* Swift UI IntroTests.xctest */;
			productType = "com.apple.product-type.bundle.unit-test";
		};
		77F202882D0C01CD006EFA26 /* Swift UI IntroUITests */ = {
			isa = PBXNativeTarget;
			buildConfigurationList = 77F202992D0C01CD006EFA26 /* Build configuration list for PBXNativeTarget "Swift UI IntroUITests" */;
			buildPhases = (
				77F202852D0C01CD006EFA26 /* Sources */,
				77F202862D0C01CD006EFA26 /* Frameworks */,
				77F202872D0C01CD006EFA26 /* Resources */,
			);
			buildRules = (
			);
			dependencies = (
				77F2028B2D0C01CD006EFA26 /* PBXTargetDependency */,
			);
			fileSystemSynchronizedGroups = (
				77F2028C2D0C01CD006EFA26 /* Swift UI IntroUITests */,
			);
			name = "Swift UI IntroUITests";
			packageProductDependencies = (
			);
			productName = "Swift UI IntroUITests";
			productReference = 77F202892D0C01CD006EFA26 /* Swift UI IntroUITests.xctest */;
			productType = "com.apple.product-type.bundle.ui-testing";
		};
/* End PBXNativeTarget section */

/* Begin PBXProject section */
		77F202672D0C01C8006EFA26 /* Project object */ = {
			isa = PBXProject;
			attributes = {
				BuildIndependentTargetsInParallel = 1;
				LastSwiftUpdateCheck = 1610;
				LastUpgradeCheck = 1610;
				TargetAttributes = {
					77F2026E2D0C01C8006EFA26 = {
						CreatedOnToolsVersion = 16.1;
					};
					77F2027E2D0C01CC006EFA26 = {
						CreatedOnToolsVersion = 16.1;
						TestTargetID = 77F2026E2D0C01C8006EFA26;
					};
					77F202882D0C01CD006EFA26 = {
						CreatedOnToolsVersion = 16.1;
						TestTargetID = 77F2026E2D0C01C8006EFA26;
					};
				};
			};
			buildConfigurationList = 77F2026A2D0C01C8006EFA26 /* Build configuration list for PBXProject "Swift UI Intro" */;
			developmentRegion = en;
			hasScannedForEncodings = 0;
			knownRegions = (
				en,
				Base,
			);
			mainGroup = 77F202662D0C01C8006EFA26;
			minimizedProjectReferenceProxies = 1;
			preferredProjectObjectVersion = 77;
			productRefGroup = 77F202702D0C01C8006EFA26 /* Products */;
			projectDirPath = "";
			projectRoot = "";
			targets = (
				77F2026E2D0C01C8006EFA26 /* Swift UI Intro */,
				77F2027E2D0C01CC006EFA26 /* Swift UI IntroTests */,
				77F202882D0C01CD006EFA26 /* Swift UI IntroUITests */,
			);
		};
/* End PBXProject section */

/* Begin PBXResourcesBuildPhase section */
		77F2026D2D0C01C8006EFA26 /* Resources */ = {
			isa = PBXResourcesBuildPhase;
			buildActionMask = 2147483647;
			files = (
			);
			runOnlyForDeploymentPostprocessing = 0;
		};
		77F2027D2D0C01CC006EFA26 /* Resources */ = {
			isa = PBXResourcesBuildPhase;
			buildActionMask = 2147483647;
			files = (
			);
			runOnlyForDeploymentPostprocessing = 0;
		};
		77F202872D0C01CD006EFA26 /* Resources */ = {
			isa = PBXResourcesBuildPhase;
			buildActionMask = 2147483647;
			files = (
			);
			runOnlyForDeploymentPostprocessing = 0;
		};
/* End PBXResourcesBuildPhase section */

/* Begin PBXSourcesBuildPhase section */
		77F2026B2D0C01C8006EFA26 /* Sources */ = {
			isa = PBXSourcesBuildPhase;
			buildActionMask = 2147483647;
			files = (
			);
			runOnlyForDeploymentPostprocessing = 0;
		};
		77F2027B2D0C01CC006EFA26 /* Sources */ = {
			isa = PBXSourcesBuildPhase;
			buildActionMask = 2147483647;
			files = (
			);
			runOnlyForDeploymentPostprocessing = 0;
		};
		77F202852D0C01CD006EFA26 /* Sources */ = {
			isa = PBXSourcesBuildPhase;
			buildActionMask = 2147483647;
			files = (
			);
			runOnlyForDeploymentPostprocessing = 0;
		};
/* End PBXSourcesBuildPhase section */

/* Begin PBXTargetDependency section */
		77F202812D0C01CC006EFA26 /* PBXTargetDependency */ = {
			isa = PBXTargetDependency;
			target = 77F2026E2D0C01C8006EFA26 /* Swift UI Intro */;
			targetProxy = 77F202802D0C01CC006EFA26 /* PBXContainerItemProxy */;
		};
		77F2028B2D0C01CD006EFA26 /* PBXTargetDependency */ = {
			isa = PBXTargetDependency;
			target = 77F2026E2D0C01C8006EFA26 /* Swift UI Intro */;
			targetProxy = 77F2028A2D0C01CD006EFA26 /* PBXContainerItemProxy */;
		};
/* End PBXTargetDependency section */

/* Begin XCBuildConfiguration section */
		77F202912D0C01CD006EFA26 /* Debug */ = {
			isa = XCBuildConfiguration;
			buildSettings = {
				ALWAYS_SEARCH_USER_PATHS = NO;
				ASSETCATALOG_COMPILER_GENERATE_SWIFT_ASSET_SYMBOL_EXTENSIONS = YES;
				CLANG_ANALYZER_NONNULL = YES;
				CLANG_ANALYZER_NUMBER_OBJECT_CONVERSION = YES_AGGRESSIVE;
				CLANG_CXX_LANGUAGE_STANDARD = "gnu++20";
				CLANG_ENABLE_MODULES = YES;
				CLANG_ENABLE_OBJC_ARC = YES;
				CLANG_ENABLE_OBJC_WEAK = YES;
				CLANG_WARN_BLOCK_CAPTURE_AUTORELEASING = YES;
				CLANG_WARN_BOOL_CONVERSION = YES;
				CLANG_WARN_COMMA = YES;
				CLANG_WARN_CONSTANT_CONVERSION = YES;
				CLANG_WARN_DEPRECATED_OBJC_IMPLEMENTATIONS = YES;
				CLANG_WARN_DIRECT_OBJC_ISA_USAGE = YES_ERROR;
				CLANG_WARN_DOCUMENTATION_COMMENTS = YES;
				CLANG_WARN_EMPTY_BODY = YES;
				CLANG_WARN_ENUM_CONVERSION = YES;
				CLANG_WARN_INFINITE_RECURSION = YES;
				CLANG_WARN_INT_CONVERSION = YES;
				CLANG_WARN_NON_LITERAL_NULL_CONVERSION = YES;
				CLANG_WARN_OBJC_IMPLICIT_RETAIN_SELF = YES;
				CLANG_WARN_OBJC_LITERAL_CONVERSION = YES;
				CLANG_WARN_OBJC_ROOT_CLASS = YES_ERROR;
				CLANG_WARN_QUOTED_INCLUDE_IN_FRAMEWORK_HEADER = YES;
				CLANG_WARN_RANGE_LOOP_ANALYSIS = YES;
				CLANG_WARN_STRICT_PROTOTYPES = YES;
				CLANG_WARN_SUSPICIOUS_MOVE = YES;
				CLANG_WARN_UNGUARDED_AVAILABILITY = YES_AGGRESSIVE;
				CLANG_WARN_UNREACHABLE_CODE = YES;
				CLANG_WARN__DUPLICATE_METHOD_MATCH = YES;
				COPY_PHASE_STRIP = NO;
				DEBUG_INFORMATION_FORMAT = dwarf;
				ENABLE_STRICT_OBJC_MSGSEND = YES;
				ENABLE_TESTABILITY = YES;
				ENABLE_USER_SCRIPT_SANDBOXING = YES;
				GCC_C_LANGUAGE_STANDARD = gnu17;
				GCC_DYNAMIC_NO_PIC = NO;
				GCC_NO_COMMON_BLOCKS = YES;
				GCC_OPTIMIZATION_LEVEL = 0;
				GCC_PREPROCESSOR_DEFINITIONS = (
					"DEBUG=1",
					"$(inherited)",
				);
				GCC_WARN_64_TO_32_BIT_CONVERSION = YES;
				GCC_WARN_ABOUT_RETURN_TYPE = YES_ERROR;
				GCC_WARN_UNDECLARED_SELECTOR = YES;
				GCC_WARN_UNINITIALIZED_AUTOS = YES_AGGRESSIVE;
				GCC_WARN_UNUSED_FUNCTION = YES;
				GCC_WARN_UNUSED_VARIABLE = YES;
				IPHONEOS_DEPLOYMENT_TARGET = 18.1;
				LOCALIZATION_PREFERS_STRING_CATALOGS = YES;
				MTL_ENABLE_DEBUG_INFO = INCLUDE_SOURCE;
				MTL_FAST_MATH = YES;
				ONLY_ACTIVE_ARCH = YES;
				SDKROOT = iphoneos;
				SWIFT_ACTIVE_COMPILATION_CONDITIONS = "DEBUG $(inherited)";
				SWIFT_OPTIMIZATION_LEVEL = "-Onone";
			};
			name = Debug;
		};
		77F202922D0C01CD006EFA26 /* Release */ = {
			isa = XCBuildConfiguration;
			buildSettings = {
				ALWAYS_SEARCH_USER_PATHS = NO;
				ASSETCATALOG_COMPILER_GENERATE_SWIFT_ASSET_SYMBOL_EXTENSIONS = YES;
				CLANG_ANALYZER_NONNULL = YES;
				CLANG_ANALYZER_NUMBER_OBJECT_CONVERSION = YES_AGGRESSIVE;
				CLANG_CXX_LANGUAGE_STANDARD = "gnu++20";
				CLANG_ENABLE_MODULES = YES;
				CLANG_ENABLE_OBJC_ARC = YES;
				CLANG_ENABLE_OBJC_WEAK = YES;
				CLANG_WARN_BLOCK_CAPTURE_AUTORELEASING = YES;
				CLANG_WARN_BOOL_CONVERSION = YES;
				CLANG_WARN_COMMA = YES;
				CLANG_WARN_CONSTANT_CONVERSION = YES;
				CLANG_WARN_DEPRECATED_OBJC_IMPLEMENTATIONS = YES;
				CLANG_WARN_DIRECT_OBJC_ISA_USAGE = YES_ERROR;
				CLANG_WARN_DOCUMENTATION_COMMENTS = YES;
				CLANG_WARN_EMPTY_BODY = YES;
				CLANG_WARN_ENUM_CONVERSION = YES;
				CLANG_WARN_INFINITE_RECURSION = YES;
				CLANG_WARN_INT_CONVERSION = YES;
				CLANG_WARN_NON_LITERAL_NULL_CONVERSION = YES;
				CLANG_WARN_OBJC_IMPLICIT_RETAIN_SELF = YES;
				CLANG_WARN_OBJC_LITERAL_CONVERSION = YES;
				CLANG_WARN_OBJC_ROOT_CLASS = YES_ERROR;
				CLANG_WARN_QUOTED_INCLUDE_IN_FRAMEWORK_HEADER = YES;
				CLANG_WARN_RANGE_LOOP_ANALYSIS = YES;
				CLANG_WARN_STRICT_PROTOTYPES = YES;
				CLANG_WARN_SUSPICIOUS_MOVE = YES;
				CLANG_WARN_UNGUARDED_AVAILABILITY = YES_AGGRESSIVE;
				CLANG_WARN_UNREACHABLE_CODE = YES;
				CLANG_WARN__DUPLICATE_METHOD_MATCH = YES;
				COPY_PHASE_STRIP = NO;
				DEBUG_INFORMATION_FORMAT = "dwarf-with-dsym";
				ENABLE_NS_ASSERTIONS = NO;
				ENABLE_STRICT_OBJC_MSGSEND = YES;
				ENABLE_USER_SCRIPT_SANDBOXING = YES;
				GCC_C_LANGUAGE_STANDARD = gnu17;
				GCC_NO_COMMON_BLOCKS = YES;
				GCC_WARN_64_TO_32_BIT_CONVERSION = YES;
				GCC_WARN_ABOUT_RETURN_TYPE = YES_ERROR;
				GCC_WARN_UNDECLARED_SELECTOR = YES;
				GCC_WARN_UNINITIALIZED_AUTOS = YES_AGGRESSIVE;
				GCC_WARN_UNUSED_FUNCTION = YES;
				GCC_WARN_UNUSED_VARIABLE = YES;
				IPHONEOS_DEPLOYMENT_TARGET = 18.1;
				LOCALIZATION_PREFERS_STRING_CATALOGS = YES;
				MTL_ENABLE_DEBUG_INFO = NO;
				MTL_FAST_MATH = YES;
				SDKROOT = iphoneos;
				SWIFT_COMPILATION_MODE = wholemodule;
				VALIDATE_PRODUCT = YES;
			};
			name = Release;
		};
		77F202942D0C01CD006EFA26 /* Debug */ = {
			isa = XCBuildConfiguration;
			buildSettings = {
				ASSETCATALOG_COMPILER_APPICON_NAME = AppIcon;
				ASSETCATALOG_COMPILER_GLOBAL_ACCENT_COLOR_NAME = AccentColor;
				CODE_SIGN_STYLE = Automatic;
				CURRENT_PROJECT_VERSION = 1;
				DEVELOPMENT_ASSET_PATHS = "\"Swift UI Intro/Preview Content\"";
				DEVELOPMENT_TEAM = PVNW75FNGY;
				ENABLE_PREVIEWS = YES;
				GENERATE_INFOPLIST_FILE = YES;
				INFOPLIST_KEY_UIApplicationSceneManifest_Generation = YES;
				INFOPLIST_KEY_UIApplicationSupportsIndirectInputEvents = YES;
				INFOPLIST_KEY_UILaunchScreen_Generation = YES;
				INFOPLIST_KEY_UISupportedInterfaceOrientations_iPad = "UIInterfaceOrientationPortrait UIInterfaceOrientationPortraitUpsideDown UIInterfaceOrientationLandscapeLeft UIInterfaceOrientationLandscapeRight";
				INFOPLIST_KEY_UISupportedInterfaceOrientations_iPhone = "UIInterfaceOrientationPortrait UIInterfaceOrientationLandscapeLeft UIInterfaceOrientationLandscapeRight";
				LD_RUNPATH_SEARCH_PATHS = (
					"$(inherited)",
					"@executable_path/Frameworks",
				);
				MARKETING_VERSION = 1.0;
				PRODUCT_BUNDLE_IDENTIFIER = "com.develonur.Swift-UI-Intro";
				PRODUCT_NAME = "$(TARGET_NAME)";
				SWIFT_EMIT_LOC_STRINGS = YES;
				SWIFT_VERSION = 5.0;
				TARGETED_DEVICE_FAMILY = "1,2";
			};
			name = Debug;
		};
		77F202952D0C01CD006EFA26 /* Release */ = {
			isa = XCBuildConfiguration;
			buildSettings = {
				ASSETCATALOG_COMPILER_APPICON_NAME = AppIcon;
				ASSETCATALOG_COMPILER_GLOBAL_ACCENT_COLOR_NAME = AccentColor;
				CODE_SIGN_STYLE = Automatic;
				CURRENT_PROJECT_VERSION = 1;
				DEVELOPMENT_ASSET_PATHS = "\"Swift UI Intro/Preview Content\"";
				DEVELOPMENT_TEAM = PVNW75FNGY;
				ENABLE_PREVIEWS = YES;
				GENERATE_INFOPLIST_FILE = YES;
				INFOPLIST_KEY_UIApplicationSceneManifest_Generation = YES;
				INFOPLIST_KEY_UIApplicationSupportsIndirectInputEvents = YES;
				INFOPLIST_KEY_UILaunchScreen_Generation = YES;
				INFOPLIST_KEY_UISupportedInterfaceOrientations_iPad = "UIInterfaceOrientationPortrait UIInterfaceOrientationPortraitUpsideDown UIInterfaceOrientationLandscapeLeft UIInterfaceOrientationLandscapeRight";
				INFOPLIST_KEY_UISupportedInterfaceOrientations_iPhone = "UIInterfaceOrientationPortrait UIInterfaceOrientationLandscapeLeft UIInterfaceOrientationLandscapeRight";
				LD_RUNPATH_SEARCH_PATHS = (
					"$(inherited)",
					"@executable_path/Frameworks",
				);
				MARKETING_VERSION = 1.0;
				PRODUCT_BUNDLE_IDENTIFIER = "com.develonur.Swift-UI-Intro";
				PRODUCT_NAME = "$(TARGET_NAME)";
				SWIFT_EMIT_LOC_STRINGS = YES;
				SWIFT_VERSION = 5.0;
				TARGETED_DEVICE_FAMILY = "1,2";
			};
			name = Release;
		};
		77F202972D0C01CD006EFA26 /* Debug */ = {
			isa = XCBuildConfiguration;
			buildSettings = {
				BUNDLE_LOADER = "$(TEST_HOST)";
				CODE_SIGN_STYLE = Automatic;
				CURRENT_PROJECT_VERSION = 1;
				DEVELOPMENT_TEAM = PVNW75FNGY;
				GENERATE_INFOPLIST_FILE = YES;
				IPHONEOS_DEPLOYMENT_TARGET = 18.1;
				MARKETING_VERSION = 1.0;
				PRODUCT_BUNDLE_IDENTIFIER = "com.develonur.Swift-UI-IntroTests";
				PRODUCT_NAME = "$(TARGET_NAME)";
				SWIFT_EMIT_LOC_STRINGS = NO;
				SWIFT_VERSION = 5.0;
				TARGETED_DEVICE_FAMILY = "1,2";
				TEST_HOST = "$(BUILT_PRODUCTS_DIR)/Swift UI Intro.app/$(BUNDLE_EXECUTABLE_FOLDER_PATH)/Swift UI Intro";
			};
			name = Debug;
		};
		77F202982D0C01CD006EFA26 /* Release */ = {
			isa = XCBuildConfiguration;
			buildSettings = {
				BUNDLE_LOADER = "$(TEST_HOST)";
				CODE_SIGN_STYLE = Automatic;
				CURRENT_PROJECT_VERSION = 1;
				DEVELOPMENT_TEAM = PVNW75FNGY;
				GENERATE_INFOPLIST_FILE = YES;
				IPHONEOS_DEPLOYMENT_TARGET = 18.1;
				MARKETING_VERSION = 1.0;
				PRODUCT_BUNDLE_IDENTIFIER = "com.develonur.Swift-UI-IntroTests";
				PRODUCT_NAME = "$(TARGET_NAME)";
				SWIFT_EMIT_LOC_STRINGS = NO;
				SWIFT_VERSION = 5.0;
				TARGETED_DEVICE_FAMILY = "1,2";
				TEST_HOST = "$(BUILT_PRODUCTS_DIR)/Swift UI Intro.app/$(BUNDLE_EXECUTABLE_FOLDER_PATH)/Swift UI Intro";
			};
			name = Release;
		};
		77F2029A2D0C01CD006EFA26 /* Debug */ = {
			isa = XCBuildConfiguration;
			buildSettings = {
				CODE_SIGN_STYLE = Automatic;
				CURRENT_PROJECT_VERSION = 1;
				DEVELOPMENT_TEAM = PVNW75FNGY;
				GENERATE_INFOPLIST_FILE = YES;
				MARKETING_VERSION = 1.0;
				PRODUCT_BUNDLE_IDENTIFIER = "com.develonur.Swift-UI-IntroUITests";
				PRODUCT_NAME = "$(TARGET_NAME)";
				SWIFT_EMIT_LOC_STRINGS = NO;
				SWIFT_VERSION = 5.0;
				TARGETED_DEVICE_FAMILY = "1,2";
				TEST_TARGET_NAME = "Swift UI Intro";
			};
			name = Debug;
		};
		77F2029B2D0C01CD006EFA26 /* Release */ = {
			isa = XCBuildConfiguration;
			buildSettings = {
				CODE_SIGN_STYLE = Automatic;
				CURRENT_PROJECT_VERSION = 1;
				DEVELOPMENT_TEAM = PVNW75FNGY;
				GENERATE_INFOPLIST_FILE = YES;
				MARKETING_VERSION = 1.0;
				PRODUCT_BUNDLE_IDENTIFIER = "com.develonur.Swift-UI-IntroUITests";
				PRODUCT_NAME = "$(TARGET_NAME)";
				SWIFT_EMIT_LOC_STRINGS = NO;
				SWIFT_VERSION = 5.0;
				TARGETED_DEVICE_FAMILY = "1,2";
				TEST_TARGET_NAME = "Swift UI Intro";
			};
			name = Release;
		};
/* End XCBuildConfiguration section */

/* Begin XCConfigurationList section */
		77F2026A2D0C01C8006EFA26 /* Build configuration list for PBXProject "Swift UI Intro" */ = {
			isa = XCConfigurationList;
			buildConfigurations = (
				77F202912D0C01CD006EFA26 /* Debug */,
				77F202922D0C01CD006EFA26 /* Release */,
			);
			defaultConfigurationIsVisible = 0;
			defaultConfigurationName = Release;
		};
		77F202932D0C01CD006EFA26 /* Build configuration list for PBXNativeTarget "Swift UI Intro" */ = {
			isa = XCConfigurationList;
			buildConfigurations = (
				77F202942D0C01CD006EFA26 /* Debug */,
				77F202952D0C01CD006EFA26 /* Release */,
			);
			defaultConfigurationIsVisible = 0;
			defaultConfigurationName = Release;
		};
		77F202962D0C01CD006EFA26 /* Build configuration list for PBXNativeTarget "Swift UI IntroTests" */ = {
			isa = XCConfigurationList;
			buildConfigurations = (
				77F202972D0C01CD006EFA26 /* Debug */,
				77F202982D0C01CD006EFA26 /* Release */,
			);
			defaultConfigurationIsVisible = 0;
			defaultConfigurationName = Release;
		};
		77F202992D0C01CD006EFA26 /* Build configuration list for PBXNativeTarget "Swift UI IntroUITests" */ = {
			isa = XCConfigurationList;
			buildConfigurations = (
				77F2029A2D0C01CD006EFA26 /* Debug */,
				77F2029B2D0C01CD006EFA26 /* Release */,
			);
			defaultConfigurationIsVisible = 0;
			defaultConfigurationName = Release;
		};
/* End XCConfigurationList section */
	};
	rootObject = 77F202672D0C01C8006EFA26 /* Project object */;
}
